// !$*UTF8*$!
{
	archiveVersion = 1;
	classes = {
	};
	objectVersion = 51;
	objects = {

/* Begin PBXBuildFile section */
		872A9D22236554A0000DCD23 /* ARSwiftUIView.swift in Sources */ = {isa = PBXBuildFile; fileRef = 872A9D21236554A0000DCD23 /* ARSwiftUIView.swift */; };
		877A75172365336D00CAF8E0 /* ARViewController.swift in Sources */ = {isa = PBXBuildFile; fileRef = 877A75162365336D00CAF8E0 /* ARViewController.swift */; };
		87B2EE2723650C64000BBF3C /* AppDelegate.swift in Sources */ = {isa = PBXBuildFile; fileRef = 87B2EE2623650C64000BBF3C /* AppDelegate.swift */; };
		87B2EE2923650C64000BBF3C /* SceneDelegate.swift in Sources */ = {isa = PBXBuildFile; fileRef = 87B2EE2823650C64000BBF3C /* SceneDelegate.swift */; };
		87B2EE2B23650C64000BBF3C /* ContentView.swift in Sources */ = {isa = PBXBuildFile; fileRef = 87B2EE2A23650C64000BBF3C /* ContentView.swift */; };
		87B2EE2D23650C65000BBF3C /* Assets.xcassets in Resources */ = {isa = PBXBuildFile; fileRef = 87B2EE2C23650C65000BBF3C /* Assets.xcassets */; };
		87B2EE3023650C65000BBF3C /* Preview Assets.xcassets in Resources */ = {isa = PBXBuildFile; fileRef = 87B2EE2F23650C65000BBF3C /* Preview Assets.xcassets */; };
		87B2EE3323650C65000BBF3C /* LaunchScreen.storyboard in Resources */ = {isa = PBXBuildFile; fileRef = 87B2EE3123650C65000BBF3C /* LaunchScreen.storyboard */; };
		B3C84F8BF301EE2F1D6B9F87 /* Pods_calhacks_2019.framework in Frameworks */ = {isa = PBXBuildFile; fileRef = FB954A80BF49411B51FFCD3C /* Pods_calhacks_2019.framework */; };
/* End PBXBuildFile section */

/* Begin PBXFileReference section */
		46C1AE8B25461999B76561C8 /* Pods-calhacks-2019.debug.xcconfig */ = {isa = PBXFileReference; includeInIndex = 1; lastKnownFileType = text.xcconfig; name = "Pods-calhacks-2019.debug.xcconfig"; path = "Target Support Files/Pods-calhacks-2019/Pods-calhacks-2019.debug.xcconfig"; sourceTree = "<group>"; };
		4E382F3D82C2697CE8CC8429 /* Pods-calhacks-2019.release.xcconfig */ = {isa = PBXFileReference; includeInIndex = 1; lastKnownFileType = text.xcconfig; name = "Pods-calhacks-2019.release.xcconfig"; path = "Target Support Files/Pods-calhacks-2019/Pods-calhacks-2019.release.xcconfig"; sourceTree = "<group>"; };
		872A9D21236554A0000DCD23 /* ARSwiftUIView.swift */ = {isa = PBXFileReference; lastKnownFileType = sourcecode.swift; path = ARSwiftUIView.swift; sourceTree = "<group>"; };
		877A75162365336D00CAF8E0 /* ARViewController.swift */ = {isa = PBXFileReference; lastKnownFileType = sourcecode.swift; path = ARViewController.swift; sourceTree = "<group>"; };
		87B2EE2323650C64000BBF3C /* calhacks-2019.app */ = {isa = PBXFileReference; explicitFileType = wrapper.application; includeInIndex = 0; path = "calhacks-2019.app"; sourceTree = BUILT_PRODUCTS_DIR; };
		87B2EE2623650C64000BBF3C /* AppDelegate.swift */ = {isa = PBXFileReference; lastKnownFileType = sourcecode.swift; path = AppDelegate.swift; sourceTree = "<group>"; };
		87B2EE2823650C64000BBF3C /* SceneDelegate.swift */ = {isa = PBXFileReference; lastKnownFileType = sourcecode.swift; path = SceneDelegate.swift; sourceTree = "<group>"; };
		87B2EE2A23650C64000BBF3C /* ContentView.swift */ = {isa = PBXFileReference; lastKnownFileType = sourcecode.swift; path = ContentView.swift; sourceTree = "<group>"; };
		87B2EE2C23650C65000BBF3C /* Assets.xcassets */ = {isa = PBXFileReference; lastKnownFileType = folder.assetcatalog; path = Assets.xcassets; sourceTree = "<group>"; };
		87B2EE2F23650C65000BBF3C /* Preview Assets.xcassets */ = {isa = PBXFileReference; lastKnownFileType = folder.assetcatalog; path = "Preview Assets.xcassets"; sourceTree = "<group>"; };
		87B2EE3223650C65000BBF3C /* Base */ = {isa = PBXFileReference; lastKnownFileType = file.storyboard; name = Base; path = Base.lproj/LaunchScreen.storyboard; sourceTree = "<group>"; };
		87B2EE3423650C65000BBF3C /* Info.plist */ = {isa = PBXFileReference; lastKnownFileType = text.plist.xml; path = Info.plist; sourceTree = "<group>"; };
		FB954A80BF49411B51FFCD3C /* Pods_calhacks_2019.framework */ = {isa = PBXFileReference; explicitFileType = wrapper.framework; includeInIndex = 0; path = Pods_calhacks_2019.framework; sourceTree = BUILT_PRODUCTS_DIR; };
/* End PBXFileReference section */

/* Begin PBXFrameworksBuildPhase section */
		87B2EE2023650C64000BBF3C /* Frameworks */ = {
			isa = PBXFrameworksBuildPhase;
			buildActionMask = 2147483647;
			files = (
				B3C84F8BF301EE2F1D6B9F87 /* Pods_calhacks_2019.framework in Frameworks */,
			);
			runOnlyForDeploymentPostprocessing = 0;
		};
/* End PBXFrameworksBuildPhase section */

/* Begin PBXGroup section */
		173193C62F08B251164BC36A /* Pods */ = {
			isa = PBXGroup;
			children = (
				46C1AE8B25461999B76561C8 /* Pods-calhacks-2019.debug.xcconfig */,
				4E382F3D82C2697CE8CC8429 /* Pods-calhacks-2019.release.xcconfig */,
			);
			path = Pods;
			sourceTree = "<group>";
		};
		877A7518236549E400CAF8E0 /* SwiftUI */ = {
			isa = PBXGroup;
			children = (
				872A9D21236554A0000DCD23 /* ARSwiftUIView.swift */,
				87B2EE2823650C64000BBF3C /* SceneDelegate.swift */,
				87B2EE2A23650C64000BBF3C /* ContentView.swift */,
			);
			path = SwiftUI;
			sourceTree = "<group>";
		};
		877A7519236549FE00CAF8E0 /* Delegates */ = {
			isa = PBXGroup;
			children = (
				87B2EE2623650C64000BBF3C /* AppDelegate.swift */,
			);
			path = Delegates;
			sourceTree = "<group>";
		};
		877A751A23654A0F00CAF8E0 /* Supporting Files */ = {
			isa = PBXGroup;
			children = (
				87B2EE2C23650C65000BBF3C /* Assets.xcassets */,
				87B2EE3423650C65000BBF3C /* Info.plist */,
			);
			path = "Supporting Files";
			sourceTree = "<group>";
		};
		877A751B23654A2100CAF8E0 /* ViewControllers */ = {
			isa = PBXGroup;
			children = (
				877A75162365336D00CAF8E0 /* ARViewController.swift */,
			);
			path = ViewControllers;
			sourceTree = "<group>";
		};
		877A751C23654A3700CAF8E0 /* Storyboards */ = {
			isa = PBXGroup;
			children = (
				87B2EE3123650C65000BBF3C /* LaunchScreen.storyboard */,
			);
			path = Storyboards;
			sourceTree = "<group>";
		};
		87B2EE1A23650C64000BBF3C = {
			isa = PBXGroup;
			children = (
				87B2EE2523650C64000BBF3C /* calhacks-2019 */,
				87B2EE2423650C64000BBF3C /* Products */,
				173193C62F08B251164BC36A /* Pods */,
				D7792F2BBA51034E2FABB7D6 /* Frameworks */,
			);
			sourceTree = "<group>";
		};
		87B2EE2423650C64000BBF3C /* Products */ = {
			isa = PBXGroup;
			children = (
				87B2EE2323650C64000BBF3C /* calhacks-2019.app */,
			);
			name = Products;
			sourceTree = "<group>";
		};
		87B2EE2523650C64000BBF3C /* calhacks-2019 */ = {
			isa = PBXGroup;
			children = (
				877A751B23654A2100CAF8E0 /* ViewControllers */,
				877A7519236549FE00CAF8E0 /* Delegates */,
				877A7518236549E400CAF8E0 /* SwiftUI */,
				877A751A23654A0F00CAF8E0 /* Supporting Files */,
				877A751C23654A3700CAF8E0 /* Storyboards */,
				87B2EE2E23650C65000BBF3C /* Preview Content */,
			);
			path = "calhacks-2019";
			sourceTree = "<group>";
		};
		87B2EE2E23650C65000BBF3C /* Preview Content */ = {
			isa = PBXGroup;
			children = (
				87B2EE2F23650C65000BBF3C /* Preview Assets.xcassets */,
			);
			path = "Preview Content";
			sourceTree = "<group>";
		};
		D7792F2BBA51034E2FABB7D6 /* Frameworks */ = {
			isa = PBXGroup;
			children = (
				FB954A80BF49411B51FFCD3C /* Pods_calhacks_2019.framework */,
			);
			name = Frameworks;
			sourceTree = "<group>";
		};
/* End PBXGroup section */

/* Begin PBXNativeTarget section */
		87B2EE2223650C64000BBF3C /* calhacks-2019 */ = {
			isa = PBXNativeTarget;
			buildConfigurationList = 87B2EE3723650C65000BBF3C /* Build configuration list for PBXNativeTarget "calhacks-2019" */;
			buildPhases = (
				9946443B9D63B6C72F0A1942 /* [CP] Check Pods Manifest.lock */,
				87B2EE1F23650C64000BBF3C /* Sources */,
				87B2EE2023650C64000BBF3C /* Frameworks */,
				87B2EE2123650C64000BBF3C /* Resources */,
				167DF606D13A5B75C21895B8 /* [CP] Embed Pods Frameworks */,
			);
			buildRules = (
			);
			dependencies = (
			);
			name = "calhacks-2019";
			productName = "calhacks-2019";
			productReference = 87B2EE2323650C64000BBF3C /* calhacks-2019.app */;
			productType = "com.apple.product-type.application";
		};
/* End PBXNativeTarget section */

/* Begin PBXProject section */
		87B2EE1B23650C64000BBF3C /* Project object */ = {
			isa = PBXProject;
			attributes = {
				LastSwiftUpdateCheck = 1110;
				LastUpgradeCheck = 1110;
				ORGANIZATIONNAME = protonhackers;
				TargetAttributes = {
					87B2EE2223650C64000BBF3C = {
						CreatedOnToolsVersion = 11.1;
					};
				};
			};
			buildConfigurationList = 87B2EE1E23650C64000BBF3C /* Build configuration list for PBXProject "calhacks-2019" */;
			compatibilityVersion = "Xcode 9.3";
			developmentRegion = en;
			hasScannedForEncodings = 0;
			knownRegions = (
				en,
				Base,
			);
			mainGroup = 87B2EE1A23650C64000BBF3C;
			productRefGroup = 87B2EE2423650C64000BBF3C /* Products */;
			projectDirPath = "";
			projectRoot = "";
			targets = (
				87B2EE2223650C64000BBF3C /* calhacks-2019 */,
			);
		};
/* End PBXProject section */

/* Begin PBXResourcesBuildPhase section */
		87B2EE2123650C64000BBF3C /* Resources */ = {
			isa = PBXResourcesBuildPhase;
			buildActionMask = 2147483647;
			files = (
				87B2EE3323650C65000BBF3C /* LaunchScreen.storyboard in Resources */,
				87B2EE3023650C65000BBF3C /* Preview Assets.xcassets in Resources */,
				87B2EE2D23650C65000BBF3C /* Assets.xcassets in Resources */,
			);
			runOnlyForDeploymentPostprocessing = 0;
		};
/* End PBXResourcesBuildPhase section */

/* Begin PBXShellScriptBuildPhase section */
		167DF606D13A5B75C21895B8 /* [CP] Embed Pods Frameworks */ = {
			isa = PBXShellScriptBuildPhase;
			buildActionMask = 2147483647;
			files = (
			);
			inputFileListPaths = (
				"${PODS_ROOT}/Target Support Files/Pods-calhacks-2019/Pods-calhacks-2019-frameworks-${CONFIGURATION}-input-files.xcfilelist",
			);
			name = "[CP] Embed Pods Frameworks";
			outputFileListPaths = (
				"${PODS_ROOT}/Target Support Files/Pods-calhacks-2019/Pods-calhacks-2019-frameworks-${CONFIGURATION}-output-files.xcfilelist",
			);
			runOnlyForDeploymentPostprocessing = 0;
			shellPath = /bin/sh;
			shellScript = "\"${PODS_ROOT}/Target Support Files/Pods-calhacks-2019/Pods-calhacks-2019-frameworks.sh\"\n";
			showEnvVarsInLog = 0;
		};
		9946443B9D63B6C72F0A1942 /* [CP] Check Pods Manifest.lock */ = {
			isa = PBXShellScriptBuildPhase;
			buildActionMask = 2147483647;
			files = (
			);
			inputFileListPaths = (
			);
			inputPaths = (
				"${PODS_PODFILE_DIR_PATH}/Podfile.lock",
				"${PODS_ROOT}/Manifest.lock",
			);
			name = "[CP] Check Pods Manifest.lock";
			outputFileListPaths = (
			);
			outputPaths = (
				"$(DERIVED_FILE_DIR)/Pods-calhacks-2019-checkManifestLockResult.txt",
			);
			runOnlyForDeploymentPostprocessing = 0;
			shellPath = /bin/sh;
			shellScript = "diff \"${PODS_PODFILE_DIR_PATH}/Podfile.lock\" \"${PODS_ROOT}/Manifest.lock\" > /dev/null\nif [ $? != 0 ] ; then\n    # print error to STDERR\n    echo \"error: The sandbox is not in sync with the Podfile.lock. Run 'pod install' or update your CocoaPods installation.\" >&2\n    exit 1\nfi\n# This output is used by Xcode 'outputs' to avoid re-running this script phase.\necho \"SUCCESS\" > \"${SCRIPT_OUTPUT_FILE_0}\"\n";
			showEnvVarsInLog = 0;
		};
/* End PBXShellScriptBuildPhase section */

/* Begin PBXSourcesBuildPhase section */
		87B2EE1F23650C64000BBF3C /* Sources */ = {
			isa = PBXSourcesBuildPhase;
			buildActionMask = 2147483647;
			files = (
				87B2EE2723650C64000BBF3C /* AppDelegate.swift in Sources */,
				87B2EE2923650C64000BBF3C /* SceneDelegate.swift in Sources */,
				872A9D22236554A0000DCD23 /* ARSwiftUIView.swift in Sources */,
				87B2EE2B23650C64000BBF3C /* ContentView.swift in Sources */,
				877A75172365336D00CAF8E0 /* ARViewController.swift in Sources */,
			);
			runOnlyForDeploymentPostprocessing = 0;
		};
/* End PBXSourcesBuildPhase section */

/* Begin PBXVariantGroup section */
		87B2EE3123650C65000BBF3C /* LaunchScreen.storyboard */ = {
			isa = PBXVariantGroup;
			children = (
				87B2EE3223650C65000BBF3C /* Base */,
			);
			name = LaunchScreen.storyboard;
			sourceTree = "<group>";
		};
/* End PBXVariantGroup section */

/* Begin XCBuildConfiguration section */
		87B2EE3523650C65000BBF3C /* Debug */ = {
			isa = XCBuildConfiguration;
			buildSettings = {
				ALWAYS_SEARCH_USER_PATHS = NO;
				CLANG_ANALYZER_NONNULL = YES;
				CLANG_ANALYZER_NUMBER_OBJECT_CONVERSION = YES_AGGRESSIVE;
				CLANG_CXX_LANGUAGE_STANDARD = "gnu++14";
				CLANG_CXX_LIBRARY = "libc++";
				CLANG_ENABLE_MODULES = YES;
				CLANG_ENABLE_OBJC_ARC = YES;
				CLANG_ENABLE_OBJC_WEAK = YES;
				CLANG_WARN_BLOCK_CAPTURE_AUTORELEASING = YES;
				CLANG_WARN_BOOL_CONVERSION = YES;
				CLANG_WARN_COMMA = YES;
				CLANG_WARN_CONSTANT_CONVERSION = YES;
				CLANG_WARN_DEPRECATED_OBJC_IMPLEMENTATIONS = YES;
				CLANG_WARN_DIRECT_OBJC_ISA_USAGE = YES_ERROR;
				CLANG_WARN_DOCUMENTATION_COMMENTS = YES;
				CLANG_WARN_EMPTY_BODY = YES;
				CLANG_WARN_ENUM_CONVERSION = YES;
				CLANG_WARN_INFINITE_RECURSION = YES;
				CLANG_WARN_INT_CONVERSION = YES;
				CLANG_WARN_NON_LITERAL_NULL_CONVERSION = YES;
				CLANG_WARN_OBJC_IMPLICIT_RETAIN_SELF = YES;
				CLANG_WARN_OBJC_LITERAL_CONVERSION = YES;
				CLANG_WARN_OBJC_ROOT_CLASS = YES_ERROR;
				CLANG_WARN_RANGE_LOOP_ANALYSIS = YES;
				CLANG_WARN_STRICT_PROTOTYPES = YES;
				CLANG_WARN_SUSPICIOUS_MOVE = YES;
				CLANG_WARN_UNGUARDED_AVAILABILITY = YES_AGGRESSIVE;
				CLANG_WARN_UNREACHABLE_CODE = YES;
				CLANG_WARN__DUPLICATE_METHOD_MATCH = YES;
				COPY_PHASE_STRIP = NO;
				DEBUG_INFORMATION_FORMAT = dwarf;
				ENABLE_STRICT_OBJC_MSGSEND = YES;
				ENABLE_TESTABILITY = YES;
				GCC_C_LANGUAGE_STANDARD = gnu11;
				GCC_DYNAMIC_NO_PIC = NO;
				GCC_NO_COMMON_BLOCKS = YES;
				GCC_OPTIMIZATION_LEVEL = 0;
				GCC_PREPROCESSOR_DEFINITIONS = (
					"DEBUG=1",
					"$(inherited)",
				);
				GCC_WARN_64_TO_32_BIT_CONVERSION = YES;
				GCC_WARN_ABOUT_RETURN_TYPE = YES_ERROR;
				GCC_WARN_UNDECLARED_SELECTOR = YES;
				GCC_WARN_UNINITIALIZED_AUTOS = YES_AGGRESSIVE;
				GCC_WARN_UNUSED_FUNCTION = YES;
				GCC_WARN_UNUSED_VARIABLE = YES;
				IPHONEOS_DEPLOYMENT_TARGET = 13.1;
				MTL_ENABLE_DEBUG_INFO = INCLUDE_SOURCE;
				MTL_FAST_MATH = YES;
				ONLY_ACTIVE_ARCH = YES;
				SDKROOT = iphoneos;
				SWIFT_ACTIVE_COMPILATION_CONDITIONS = DEBUG;
				SWIFT_OPTIMIZATION_LEVEL = "-Onone";
			};
			name = Debug;
		};
		87B2EE3623650C65000BBF3C /* Release */ = {
			isa = XCBuildConfiguration;
			buildSettings = {
				ALWAYS_SEARCH_USER_PATHS = NO;
				CLANG_ANALYZER_NONNULL = YES;
				CLANG_ANALYZER_NUMBER_OBJECT_CONVERSION = YES_AGGRESSIVE;
				CLANG_CXX_LANGUAGE_STANDARD = "gnu++14";
				CLANG_CXX_LIBRARY = "libc++";
				CLANG_ENABLE_MODULES = YES;
				CLANG_ENABLE_OBJC_ARC = YES;
				CLANG_ENABLE_OBJC_WEAK = YES;
				CLANG_WARN_BLOCK_CAPTURE_AUTORELEASING = YES;
				CLANG_WARN_BOOL_CONVERSION = YES;
				CLANG_WARN_COMMA = YES;
				CLANG_WARN_CONSTANT_CONVERSION = YES;
				CLANG_WARN_DEPRECATED_OBJC_IMPLEMENTATIONS = YES;
				CLANG_WARN_DIRECT_OBJC_ISA_USAGE = YES_ERROR;
				CLANG_WARN_DOCUMENTATION_COMMENTS = YES;
				CLANG_WARN_EMPTY_BODY = YES;
				CLANG_WARN_ENUM_CONVERSION = YES;
				CLANG_WARN_INFINITE_RECURSION = YES;
				CLANG_WARN_INT_CONVERSION = YES;
				CLANG_WARN_NON_LITERAL_NULL_CONVERSION = YES;
				CLANG_WARN_OBJC_IMPLICIT_RETAIN_SELF = YES;
				CLANG_WARN_OBJC_LITERAL_CONVERSION = YES;
				CLANG_WARN_OBJC_ROOT_CLASS = YES_ERROR;
				CLANG_WARN_RANGE_LOOP_ANALYSIS = YES;
				CLANG_WARN_STRICT_PROTOTYPES = YES;
				CLANG_WARN_SUSPICIOUS_MOVE = YES;
				CLANG_WARN_UNGUARDED_AVAILABILITY = YES_AGGRESSIVE;
				CLANG_WARN_UNREACHABLE_CODE = YES;
				CLANG_WARN__DUPLICATE_METHOD_MATCH = YES;
				COPY_PHASE_STRIP = NO;
				DEBUG_INFORMATION_FORMAT = "dwarf-with-dsym";
				ENABLE_NS_ASSERTIONS = NO;
				ENABLE_STRICT_OBJC_MSGSEND = YES;
				GCC_C_LANGUAGE_STANDARD = gnu11;
				GCC_NO_COMMON_BLOCKS = YES;
				GCC_WARN_64_TO_32_BIT_CONVERSION = YES;
				GCC_WARN_ABOUT_RETURN_TYPE = YES_ERROR;
				GCC_WARN_UNDECLARED_SELECTOR = YES;
				GCC_WARN_UNINITIALIZED_AUTOS = YES_AGGRESSIVE;
				GCC_WARN_UNUSED_FUNCTION = YES;
				GCC_WARN_UNUSED_VARIABLE = YES;
				IPHONEOS_DEPLOYMENT_TARGET = 13.1;
				MTL_ENABLE_DEBUG_INFO = NO;
				MTL_FAST_MATH = YES;
				SDKROOT = iphoneos;
				SWIFT_COMPILATION_MODE = wholemodule;
				SWIFT_OPTIMIZATION_LEVEL = "-O";
				VALIDATE_PRODUCT = YES;
			};
			name = Release;
		};
		87B2EE3823650C65000BBF3C /* Debug */ = {
			isa = XCBuildConfiguration;
			baseConfigurationReference = 46C1AE8B25461999B76561C8 /* Pods-calhacks-2019.debug.xcconfig */;
			buildSettings = {
				ASSETCATALOG_COMPILER_APPICON_NAME = AppIcon;
				CODE_SIGN_STYLE = Automatic;
				DEVELOPMENT_ASSET_PATHS = "\"calhacks-2019/Preview Content\"";
				DEVELOPMENT_TEAM = 99ZJBYWFM2;
				ENABLE_PREVIEWS = YES;
				INFOPLIST_FILE = "$(SRCROOT)/calhacks-2019/Supporting Files/Info.plist";
				LD_RUNPATH_SEARCH_PATHS = (
					"$(inherited)",
					"@executable_path/Frameworks",
				);
				PRODUCT_BUNDLE_IDENTIFIER = "com.protonhackers.calhacks-2019";
				PRODUCT_NAME = "$(TARGET_NAME)";
				SWIFT_VERSION = 5.0;
				TARGETED_DEVICE_FAMILY = "1,2";
			};
			name = Debug;
		};
		87B2EE3923650C65000BBF3C /* Release */ = {
			isa = XCBuildConfiguration;
			baseConfigurationReference = 4E382F3D82C2697CE8CC8429 /* Pods-calhacks-2019.release.xcconfig */;
			buildSettings = {
				ASSETCATALOG_COMPILER_APPICON_NAME = AppIcon;
				CODE_SIGN_STYLE = Automatic;
				DEVELOPMENT_ASSET_PATHS = "\"calhacks-2019/Preview Content\"";
				DEVELOPMENT_TEAM = 99ZJBYWFM2;
				ENABLE_PREVIEWS = YES;
				INFOPLIST_FILE = "$(SRCROOT)/calhacks-2019/Supporting Files/Info.plist";
				LD_RUNPATH_SEARCH_PATHS = (
					"$(inherited)",
					"@executable_path/Frameworks",
				);
				PRODUCT_BUNDLE_IDENTIFIER = "com.protonhackers.calhacks-2019";
				PRODUCT_NAME = "$(TARGET_NAME)";
				SWIFT_VERSION = 5.0;
				TARGETED_DEVICE_FAMILY = "1,2";
			};
			name = Release;
		};
/* End XCBuildConfiguration section */

/* Begin XCConfigurationList section */
		87B2EE1E23650C64000BBF3C /* Build configuration list for PBXProject "calhacks-2019" */ = {
			isa = XCConfigurationList;
			buildConfigurations = (
				87B2EE3523650C65000BBF3C /* Debug */,
				87B2EE3623650C65000BBF3C /* Release */,
			);
			defaultConfigurationIsVisible = 0;
			defaultConfigurationName = Release;
		};
		87B2EE3723650C65000BBF3C /* Build configuration list for PBXNativeTarget "calhacks-2019" */ = {
			isa = XCConfigurationList;
			buildConfigurations = (
				87B2EE3823650C65000BBF3C /* Debug */,
				87B2EE3923650C65000BBF3C /* Release */,
			);
			defaultConfigurationIsVisible = 0;
			defaultConfigurationName = Release;
		};
/* End XCConfigurationList section */
	};
	rootObject = 87B2EE1B23650C64000BBF3C /* Project object */;
}
